# -------------------------------------------------------------------------- #
#
# Copyright (C) 1991-2013 Altera Corporation
# Your use of Altera Corporation's design tools, logic functions 
# and other software and tools, and its AMPP partner logic 
# functions, and any output files from any of the foregoing 
# (including device programming or simulation files), and any 
# associated documentation or information are expressly subject 
# to the terms and conditions of the Altera Program License 
# Subscription Agreement, Altera MegaCore Function License 
# Agreement, or other applicable license agreement, including, 
# without limitation, that your use is for the sole purpose of 
# programming logic devices manufactured by Altera and sold by 
# Altera or its authorized distributors.  Please refer to the 
# applicable agreement for further details.
#
# -------------------------------------------------------------------------- #
#
# Quartus II 64-Bit
# Version 13.0.0 Build 156 04/24/2013 SJ Full Version
# Date created = 12:25:34  June 12, 2017
#
# -------------------------------------------------------------------------- #
#
# Notes:
#
# 1) The default values for assignments are stored in the file:
#		M_Top_assignment_defaults.qdf
#    If this file doesn't exist, see file:
#		assignment_defaults.qdf
#
# 2) Altera recommends that you do not modify this file. This
#    file is updated automatically by the Quartus II software
#    and any changes you make may be lost or overwritten.
#
# -------------------------------------------------------------------------- #


set_global_assignment -name FAMILY "Cyclone IV E"
set_global_assignment -name DEVICE EP4CE6E22C8
set_global_assignment -name TOP_LEVEL_ENTITY M_Top
set_global_assignment -name ORIGINAL_QUARTUS_VERSION 13.0
set_global_assignment -name PROJECT_CREATION_TIME_DATE "12:25:34  JUNE 12, 2017"
set_global_assignment -name LAST_QUARTUS_VERSION 15.0.0
set_global_assignment -name PROJECT_OUTPUT_DIRECTORY output_files
set_global_assignment -name MIN_CORE_JUNCTION_TEMP 0
set_global_assignment -name MAX_CORE_JUNCTION_TEMP 85
set_global_assignment -name DEVICE_FILTER_PACKAGE TQFP
set_global_assignment -name DEVICE_FILTER_SPEED_GRADE 8
set_global_assignment -name ERROR_CHECK_FREQUENCY_DIVISOR 1
set_global_assignment -name EDA_SIMULATION_TOOL "ModelSim-Altera (VHDL)"
set_global_assignment -name EDA_OUTPUT_DATA_FORMAT VHDL -section_id eda_simulation
set_global_assignment -name PARTITION_NETLIST_TYPE POST_FIT -section_id Top
set_global_assignment -name PARTITION_FITTER_PRESERVATION_LEVEL PLACEMENT_AND_ROUTING -section_id Top
set_global_assignment -name PARTITION_COLOR 16764057 -section_id Top
set_global_assignment -name VHDL_FILE src/M_UartTop.vhd
set_global_assignment -name VHDL_FILE src/M_UartSend.vhd
set_global_assignment -name VHDL_FILE src/M_UartRecvTop.vhd
set_global_assignment -name VHDL_FILE src/M_RecvVol.vhd
set_global_assignment -name VHDL_FILE src/M_RecvCurt.vhd
set_global_assignment -name VHDL_FILE src/M_RecvCmd.vhd
set_global_assignment -name VHDL_FILE src/M_FpgaType.vhd
set_global_assignment -name VHDL_FILE src/M_CmparVol.vhd
set_global_assignment -name VHDL_FILE src/M_CmparCurt.vhd
set_global_assignment -name VHDL_FILE src/M_CmdParse.vhd
set_global_assignment -name VHDL_FILE src/M_UartRecv.vhd
set_global_assignment -name VHDL_FILE src/M_Top.vhd
set_global_assignment -name VHDL_FILE src/M_CmndParse.vhd
set_global_assignment -name QIP_FILE ip/M_ClkPll.qip
set_global_assignment -name POWER_PRESET_COOLING_SOLUTION "23 MM HEAT SINK WITH 200 LFPM AIRFLOW"
set_global_assignment -name POWER_BOARD_THERMAL_MODEL "NONE (CONSERVATIVE)"
set_global_assignment -name STRATIX_DEVICE_IO_STANDARD "2.5 V"
set_location_assignment PIN_23 -to CpSl_Clk_i
set_location_assignment PIN_64 -to CpSl_AdcConfigData_o
set_location_assignment PIN_58 -to CpSl_CurtAdcClk_o
set_location_assignment PIN_68 -to CpSl_AdcSclk_o
set_location_assignment PIN_59 -to CpSl_CurtAdcConfigData_o
set_location_assignment PIN_60 -to CpSl_CurtAdcData_i
set_location_assignment PIN_127 -to CpSl_FpgaRst_o
set_location_assignment PIN_106 -to CpSl_RxD_i
set_location_assignment PIN_104 -to CpSl_TxD_o
set_location_assignment PIN_125 -to CpSv_Gpio_i[2]
set_location_assignment PIN_121 -to CpSv_Gpio_i[1]
set_location_assignment PIN_120 -to CpSv_Gpio_i[0]
set_location_assignment PIN_44 -to CpSv_RelayEn_o[2]
set_location_assignment PIN_43 -to CpSv_RelayEn_o[1]
set_location_assignment PIN_42 -to CpSv_RelayEn_o[0]
set_location_assignment PIN_73 -to CpSv_RelayVol_o[3]
set_location_assignment PIN_75 -to CpSv_RelayVol_o[2]
set_location_assignment PIN_77 -to CpSv_RelayVol_o[1]
set_location_assignment PIN_76 -to CpSv_RelayVol_o[0]
set_location_assignment PIN_70 -to CpSv_VadjCtrl_o[2]
set_location_assignment PIN_71 -to CpSv_VadjCtrl_o[1]
set_location_assignment PIN_72 -to CpSv_VadjCtrl_o[0]
set_location_assignment PIN_128 -to CpSv_SelectIO_o[17]
set_location_assignment PIN_133 -to CpSv_SelectIO_o[16]
set_location_assignment PIN_132 -to CpSv_SelectIO_o[15]
set_location_assignment PIN_129 -to CpSv_SelectIO_o[14]
set_location_assignment PIN_143 -to CpSv_SelectIO_o[13]
set_location_assignment PIN_144 -to CpSv_SelectIO_o[12]
set_location_assignment PIN_1 -to CpSv_SelectIO_o[11]
set_location_assignment PIN_141 -to CpSv_SelectIO_o[10]
set_location_assignment PIN_138 -to CpSv_SelectIO_o[9]
set_location_assignment PIN_3 -to CpSv_SelectIO_o[8]
set_location_assignment PIN_135 -to CpSv_SelectIO_o[7]
set_location_assignment PIN_137 -to CpSv_SelectIO_o[6]
set_location_assignment PIN_2 -to CpSv_SelectIO_o[5]
set_location_assignment PIN_115 -to CpSv_SelectIO_o[4]
set_location_assignment PIN_114 -to CpSv_SelectIO_o[3]
set_location_assignment PIN_112 -to CpSv_SelectIO_o[2]
set_location_assignment PIN_111 -to CpSv_SelectIO_o[1]
set_location_assignment PIN_113 -to CpSv_SelectIO_o[0]
set_location_assignment PIN_67 -to CpSl_AdcCS1_o
set_location_assignment PIN_66 -to CpSl_AdcCS_o
set_location_assignment PIN_69 -to CpSl_AdcData_i
set_global_assignment -name CDF_FILE output_files/Chain2.cdf
set_global_assignment -name ENABLE_SIGNALTAP ON
set_global_assignment -name USE_SIGNALTAP_FILE stp3.stp
set_global_assignment -name SIGNALTAP_FILE stp1.stp
set_global_assignment -name SLD_NODE_CREATOR_ID 110 -section_id auto_signaltap_0
set_global_assignment -name SLD_NODE_ENTITY_NAME sld_signaltap -section_id auto_signaltap_0
set_global_assignment -name SLD_NODE_PARAMETER_ASSIGNMENT "SLD_RAM_BLOCK_TYPE=AUTO" -section_id auto_signaltap_0
set_global_assignment -name SLD_NODE_PARAMETER_ASSIGNMENT "SLD_NODE_INFO=805334528" -section_id auto_signaltap_0
set_global_assignment -name SLD_NODE_PARAMETER_ASSIGNMENT "SLD_POWER_UP_TRIGGER=0" -section_id auto_signaltap_0
set_global_assignment -name SLD_NODE_PARAMETER_ASSIGNMENT "SLD_STORAGE_QUALIFIER_INVERSION_MASK_LENGTH=0" -section_id auto_signaltap_0
set_global_assignment -name SLD_NODE_PARAMETER_ASSIGNMENT "SLD_ATTRIBUTE_MEM_MODE=OFF" -section_id auto_signaltap_0
set_global_assignment -name SLD_NODE_PARAMETER_ASSIGNMENT "SLD_STATE_FLOW_USE_GENERATED=0" -section_id auto_signaltap_0
set_global_assignment -name SLD_NODE_PARAMETER_ASSIGNMENT "SLD_STATE_BITS=11" -section_id auto_signaltap_0
set_global_assignment -name SLD_NODE_PARAMETER_ASSIGNMENT "SLD_BUFFER_FULL_STOP=1" -section_id auto_signaltap_0
set_global_assignment -name SLD_NODE_PARAMETER_ASSIGNMENT "SLD_CURRENT_RESOURCE_WIDTH=1" -section_id auto_signaltap_0
set_global_assignment -name SLD_NODE_PARAMETER_ASSIGNMENT "SLD_INCREMENTAL_ROUTING=1" -section_id auto_signaltap_0
set_global_assignment -name SLD_NODE_PARAMETER_ASSIGNMENT "SLD_TRIGGER_LEVEL=1" -section_id auto_signaltap_0
set_global_assignment -name SLD_NODE_PARAMETER_ASSIGNMENT "SLD_TRIGGER_IN_ENABLED=0" -section_id auto_signaltap_0
set_global_assignment -name SLD_NODE_PARAMETER_ASSIGNMENT "SLD_ADVANCED_TRIGGER_ENTITY=basic,1," -section_id auto_signaltap_0
set_global_assignment -name SLD_NODE_PARAMETER_ASSIGNMENT "SLD_TRIGGER_LEVEL_PIPELINE=1" -section_id auto_signaltap_0
set_global_assignment -name SLD_NODE_PARAMETER_ASSIGNMENT "SLD_ENABLE_ADVANCED_TRIGGER=0" -section_id auto_signaltap_0
set_global_assignment -name CDF_FILE output_files/Chain1.cdf
set_instance_assignment -name POST_FIT_CONNECT_TO_SLD_NODE_ENTITY_PORT acq_clk -to "M_ClkPll:U_M_ClkPll_0|altpll:altpll_component|M_ClkPll_altpll:auto_generated|wire_pll1_clk[0]~clkctrl" -section_id auto_signaltap_0
set_global_assignment -name SLD_NODE_PARAMETER_ASSIGNMENT "SLD_SEGMENT_SIZE=512" -section_id auto_signaltap_0
set_global_assignment -name SLD_NODE_PARAMETER_ASSIGNMENT "SLD_SAMPLE_DEPTH=512" -section_id auto_signaltap_0
set_location_assignment PIN_83 -to CpSl_CurtAdcCS_o
set_global_assignment -name SIGNALTAP_FILE stp3.stp
set_instance_assignment -name POST_FIT_CONNECT_TO_SLD_NODE_ENTITY_PORT crc[27] -to auto_signaltap_0|gnd -section_id auto_signaltap_0
set_instance_assignment -name POST_FIT_CONNECT_TO_SLD_NODE_ENTITY_PORT crc[11] -to auto_signaltap_0|vcc -section_id auto_signaltap_0
set_instance_assignment -name POST_FIT_CONNECT_TO_SLD_NODE_ENTITY_PORT crc[15] -to auto_signaltap_0|gnd -section_id auto_signaltap_0
set_global_assignment -name CDF_FILE output_files/Chain3.cdf
set_global_assignment -name CDF_FILE output_files/Chain4.cdf
set_global_assignment -name CDF_FILE output_files/Chain7.cdf
set_global_assignment -name ENABLE_OCT_DONE OFF
set_global_assignment -name ENABLE_CONFIGURATION_PINS OFF
set_global_assignment -name ENABLE_BOOT_SEL_PIN OFF
set_global_assignment -name USE_CONFIGURATION_DEVICE OFF
set_global_assignment -name CRC_ERROR_OPEN_DRAIN OFF
set_global_assignment -name OUTPUT_IO_TIMING_NEAR_END_VMEAS "HALF VCCIO" -rise
set_global_assignment -name OUTPUT_IO_TIMING_NEAR_END_VMEAS "HALF VCCIO" -fall
set_global_assignment -name OUTPUT_IO_TIMING_FAR_END_VMEAS "HALF SIGNAL SWING" -rise
set_global_assignment -name OUTPUT_IO_TIMING_FAR_END_VMEAS "HALF SIGNAL SWING" -fall
set_instance_assignment -name POST_FIT_CONNECT_TO_SLD_NODE_ENTITY_PORT crc[5] -to auto_signaltap_0|vcc -section_id auto_signaltap_0
set_instance_assignment -name POST_FIT_CONNECT_TO_SLD_NODE_ENTITY_PORT crc[7] -to auto_signaltap_0|gnd -section_id auto_signaltap_0
set_instance_assignment -name POST_FIT_CONNECT_TO_SLD_NODE_ENTITY_PORT crc[10] -to auto_signaltap_0|gnd -section_id auto_signaltap_0
set_instance_assignment -name POST_FIT_CONNECT_TO_SLD_NODE_ENTITY_PORT crc[22] -to auto_signaltap_0|vcc -section_id auto_signaltap_0
set_instance_assignment -name POST_FIT_CONNECT_TO_SLD_NODE_ENTITY_PORT crc[26] -to auto_signaltap_0|gnd -section_id auto_signaltap_0
set_global_assignment -name CDF_FILE output_files/Chain5.cdf
set_global_assignment -name CDF_FILE output_files/Chain6.cdf
set_instance_assignment -name POST_FIT_CONNECT_TO_SLD_NODE_ENTITY_PORT acq_trigger_in[0] -to "M_CmparCurt:U_M_CmparCurt_0|PrSv_AdcCurt1V5_s[0]" -section_id auto_signaltap_0
set_instance_assignment -name POST_FIT_CONNECT_TO_SLD_NODE_ENTITY_PORT acq_trigger_in[1] -to "M_CmparCurt:U_M_CmparCurt_0|PrSv_AdcCurt1V5_s[10]" -section_id auto_signaltap_0
set_instance_assignment -name POST_FIT_CONNECT_TO_SLD_NODE_ENTITY_PORT acq_trigger_in[2] -to "M_CmparCurt:U_M_CmparCurt_0|PrSv_AdcCurt1V5_s[11]" -section_id auto_signaltap_0
set_instance_assignment -name POST_FIT_CONNECT_TO_SLD_NODE_ENTITY_PORT acq_trigger_in[3] -to "M_CmparCurt:U_M_CmparCurt_0|PrSv_AdcCurt1V5_s[1]" -section_id auto_signaltap_0
set_instance_assignment -name POST_FIT_CONNECT_TO_SLD_NODE_ENTITY_PORT acq_trigger_in[4] -to "M_CmparCurt:U_M_CmparCurt_0|PrSv_AdcCurt1V5_s[2]" -section_id auto_signaltap_0
set_instance_assignment -name POST_FIT_CONNECT_TO_SLD_NODE_ENTITY_PORT acq_trigger_in[5] -to "M_CmparCurt:U_M_CmparCurt_0|PrSv_AdcCurt1V5_s[3]" -section_id auto_signaltap_0
set_instance_assignment -name POST_FIT_CONNECT_TO_SLD_NODE_ENTITY_PORT acq_trigger_in[6] -to "M_CmparCurt:U_M_CmparCurt_0|PrSv_AdcCurt1V5_s[4]" -section_id auto_signaltap_0
set_instance_assignment -name POST_FIT_CONNECT_TO_SLD_NODE_ENTITY_PORT acq_trigger_in[7] -to "M_CmparCurt:U_M_CmparCurt_0|PrSv_AdcCurt1V5_s[5]" -section_id auto_signaltap_0
set_instance_assignment -name POST_FIT_CONNECT_TO_SLD_NODE_ENTITY_PORT acq_trigger_in[8] -to "M_CmparCurt:U_M_CmparCurt_0|PrSv_AdcCurt1V5_s[6]" -section_id auto_signaltap_0
set_instance_assignment -name POST_FIT_CONNECT_TO_SLD_NODE_ENTITY_PORT acq_trigger_in[9] -to "M_CmparCurt:U_M_CmparCurt_0|PrSv_AdcCurt1V5_s[7]" -section_id auto_signaltap_0
set_instance_assignment -name POST_FIT_CONNECT_TO_SLD_NODE_ENTITY_PORT acq_trigger_in[10] -to "M_CmparCurt:U_M_CmparCurt_0|PrSv_AdcCurt1V5_s[8]" -section_id auto_signaltap_0
set_instance_assignment -name POST_FIT_CONNECT_TO_SLD_NODE_ENTITY_PORT acq_trigger_in[11] -to "M_CmparCurt:U_M_CmparCurt_0|PrSv_AdcCurt1V5_s[9]" -section_id auto_signaltap_0
set_instance_assignment -name POST_FIT_CONNECT_TO_SLD_NODE_ENTITY_PORT acq_trigger_in[12] -to "M_CmparCurt:U_M_CmparCurt_0|PrSv_AdcCurt2V5_s[0]" -section_id auto_signaltap_0
set_instance_assignment -name POST_FIT_CONNECT_TO_SLD_NODE_ENTITY_PORT acq_trigger_in[13] -to "M_CmparCurt:U_M_CmparCurt_0|PrSv_AdcCurt2V5_s[10]" -section_id auto_signaltap_0
set_instance_assignment -name POST_FIT_CONNECT_TO_SLD_NODE_ENTITY_PORT acq_trigger_in[14] -to "M_CmparCurt:U_M_CmparCurt_0|PrSv_AdcCurt2V5_s[11]" -section_id auto_signaltap_0
set_instance_assignment -name POST_FIT_CONNECT_TO_SLD_NODE_ENTITY_PORT acq_trigger_in[15] -to "M_CmparCurt:U_M_CmparCurt_0|PrSv_AdcCurt2V5_s[1]" -section_id auto_signaltap_0
set_instance_assignment -name POST_FIT_CONNECT_TO_SLD_NODE_ENTITY_PORT acq_trigger_in[16] -to "M_CmparCurt:U_M_CmparCurt_0|PrSv_AdcCurt2V5_s[2]" -section_id auto_signaltap_0
set_instance_assignment -name POST_FIT_CONNECT_TO_SLD_NODE_ENTITY_PORT acq_trigger_in[17] -to "M_CmparCurt:U_M_CmparCurt_0|PrSv_AdcCurt2V5_s[3]" -section_id auto_signaltap_0
set_instance_assignment -name POST_FIT_CONNECT_TO_SLD_NODE_ENTITY_PORT acq_trigger_in[18] -to "M_CmparCurt:U_M_CmparCurt_0|PrSv_AdcCurt2V5_s[4]" -section_id auto_signaltap_0
set_instance_assignment -name POST_FIT_CONNECT_TO_SLD_NODE_ENTITY_PORT acq_trigger_in[19] -to "M_CmparCurt:U_M_CmparCurt_0|PrSv_AdcCurt2V5_s[5]" -section_id auto_signaltap_0
set_instance_assignment -name POST_FIT_CONNECT_TO_SLD_NODE_ENTITY_PORT acq_trigger_in[20] -to "M_CmparCurt:U_M_CmparCurt_0|PrSv_AdcCurt2V5_s[6]" -section_id auto_signaltap_0
set_instance_assignment -name POST_FIT_CONNECT_TO_SLD_NODE_ENTITY_PORT acq_trigger_in[21] -to "M_CmparCurt:U_M_CmparCurt_0|PrSv_AdcCurt2V5_s[7]" -section_id auto_signaltap_0
set_instance_assignment -name POST_FIT_CONNECT_TO_SLD_NODE_ENTITY_PORT acq_trigger_in[22] -to "M_CmparCurt:U_M_CmparCurt_0|PrSv_AdcCurt2V5_s[8]" -section_id auto_signaltap_0
set_instance_assignment -name POST_FIT_CONNECT_TO_SLD_NODE_ENTITY_PORT acq_trigger_in[23] -to "M_CmparCurt:U_M_CmparCurt_0|PrSv_AdcCurt2V5_s[9]" -section_id auto_signaltap_0
set_instance_assignment -name POST_FIT_CONNECT_TO_SLD_NODE_ENTITY_PORT acq_trigger_in[24] -to "M_CmparCurt:U_M_CmparCurt_0|PrSv_AdcCurt3V3_s[0]" -section_id auto_signaltap_0
set_instance_assignment -name POST_FIT_CONNECT_TO_SLD_NODE_ENTITY_PORT acq_trigger_in[25] -to "M_CmparCurt:U_M_CmparCurt_0|PrSv_AdcCurt3V3_s[10]" -section_id auto_signaltap_0
set_instance_assignment -name POST_FIT_CONNECT_TO_SLD_NODE_ENTITY_PORT acq_trigger_in[26] -to "M_CmparCurt:U_M_CmparCurt_0|PrSv_AdcCurt3V3_s[11]" -section_id auto_signaltap_0
set_instance_assignment -name POST_FIT_CONNECT_TO_SLD_NODE_ENTITY_PORT acq_trigger_in[27] -to "M_CmparCurt:U_M_CmparCurt_0|PrSv_AdcCurt3V3_s[1]" -section_id auto_signaltap_0
set_instance_assignment -name POST_FIT_CONNECT_TO_SLD_NODE_ENTITY_PORT acq_trigger_in[28] -to "M_CmparCurt:U_M_CmparCurt_0|PrSv_AdcCurt3V3_s[2]" -section_id auto_signaltap_0
set_instance_assignment -name POST_FIT_CONNECT_TO_SLD_NODE_ENTITY_PORT acq_trigger_in[29] -to "M_CmparCurt:U_M_CmparCurt_0|PrSv_AdcCurt3V3_s[3]" -section_id auto_signaltap_0
set_instance_assignment -name POST_FIT_CONNECT_TO_SLD_NODE_ENTITY_PORT acq_trigger_in[30] -to "M_CmparCurt:U_M_CmparCurt_0|PrSv_AdcCurt3V3_s[4]" -section_id auto_signaltap_0
set_instance_assignment -name POST_FIT_CONNECT_TO_SLD_NODE_ENTITY_PORT acq_trigger_in[31] -to "M_CmparCurt:U_M_CmparCurt_0|PrSv_AdcCurt3V3_s[5]" -section_id auto_signaltap_0
set_instance_assignment -name POST_FIT_CONNECT_TO_SLD_NODE_ENTITY_PORT acq_trigger_in[32] -to "M_CmparCurt:U_M_CmparCurt_0|PrSv_AdcCurt3V3_s[6]" -section_id auto_signaltap_0
set_instance_assignment -name POST_FIT_CONNECT_TO_SLD_NODE_ENTITY_PORT acq_trigger_in[33] -to "M_CmparCurt:U_M_CmparCurt_0|PrSv_AdcCurt3V3_s[7]" -section_id auto_signaltap_0
set_instance_assignment -name POST_FIT_CONNECT_TO_SLD_NODE_ENTITY_PORT acq_trigger_in[34] -to "M_CmparCurt:U_M_CmparCurt_0|PrSv_AdcCurt3V3_s[8]" -section_id auto_signaltap_0
set_instance_assignment -name POST_FIT_CONNECT_TO_SLD_NODE_ENTITY_PORT acq_trigger_in[35] -to "M_CmparCurt:U_M_CmparCurt_0|PrSv_AdcCurt3V3_s[9]" -section_id auto_signaltap_0
set_instance_assignment -name POST_FIT_CONNECT_TO_SLD_NODE_ENTITY_PORT acq_trigger_in[36] -to "M_CmparCurt:U_M_CmparCurt_0|PrSv_AdcCurtVadj_s[0]" -section_id auto_signaltap_0
set_instance_assignment -name POST_FIT_CONNECT_TO_SLD_NODE_ENTITY_PORT acq_trigger_in[37] -to "M_CmparCurt:U_M_CmparCurt_0|PrSv_AdcCurtVadj_s[10]" -section_id auto_signaltap_0
set_instance_assignment -name POST_FIT_CONNECT_TO_SLD_NODE_ENTITY_PORT acq_trigger_in[38] -to "M_CmparCurt:U_M_CmparCurt_0|PrSv_AdcCurtVadj_s[11]" -section_id auto_signaltap_0
set_instance_assignment -name POST_FIT_CONNECT_TO_SLD_NODE_ENTITY_PORT acq_trigger_in[39] -to "M_CmparCurt:U_M_CmparCurt_0|PrSv_AdcCurtVadj_s[1]" -section_id auto_signaltap_0
set_instance_assignment -name POST_FIT_CONNECT_TO_SLD_NODE_ENTITY_PORT acq_trigger_in[40] -to "M_CmparCurt:U_M_CmparCurt_0|PrSv_AdcCurtVadj_s[2]" -section_id auto_signaltap_0
set_instance_assignment -name POST_FIT_CONNECT_TO_SLD_NODE_ENTITY_PORT acq_trigger_in[41] -to "M_CmparCurt:U_M_CmparCurt_0|PrSv_AdcCurtVadj_s[3]" -section_id auto_signaltap_0
set_instance_assignment -name POST_FIT_CONNECT_TO_SLD_NODE_ENTITY_PORT acq_trigger_in[42] -to "M_CmparCurt:U_M_CmparCurt_0|PrSv_AdcCurtVadj_s[4]" -section_id auto_signaltap_0
set_instance_assignment -name POST_FIT_CONNECT_TO_SLD_NODE_ENTITY_PORT acq_trigger_in[43] -to "M_CmparCurt:U_M_CmparCurt_0|PrSv_AdcCurtVadj_s[5]" -section_id auto_signaltap_0
set_instance_assignment -name POST_FIT_CONNECT_TO_SLD_NODE_ENTITY_PORT acq_trigger_in[44] -to "M_CmparCurt:U_M_CmparCurt_0|PrSv_AdcCurtVadj_s[6]" -section_id auto_signaltap_0
set_instance_assignment -name POST_FIT_CONNECT_TO_SLD_NODE_ENTITY_PORT acq_trigger_in[45] -to "M_CmparCurt:U_M_CmparCurt_0|PrSv_AdcCurtVadj_s[7]" -section_id auto_signaltap_0
set_instance_assignment -name POST_FIT_CONNECT_TO_SLD_NODE_ENTITY_PORT acq_trigger_in[46] -to "M_CmparCurt:U_M_CmparCurt_0|PrSv_AdcCurtVadj_s[8]" -section_id auto_signaltap_0
set_instance_assignment -name POST_FIT_CONNECT_TO_SLD_NODE_ENTITY_PORT acq_trigger_in[47] -to "M_CmparCurt:U_M_CmparCurt_0|PrSv_AdcCurtVadj_s[9]" -section_id auto_signaltap_0
set_instance_assignment -name POST_FIT_CONNECT_TO_SLD_NODE_ENTITY_PORT acq_data_in[0] -to "M_CmparCurt:U_M_CmparCurt_0|PrSv_AdcCurt1V5_s[0]" -section_id auto_signaltap_0
set_instance_assignment -name POST_FIT_CONNECT_TO_SLD_NODE_ENTITY_PORT acq_data_in[1] -to "M_CmparCurt:U_M_CmparCurt_0|PrSv_AdcCurt1V5_s[10]" -section_id auto_signaltap_0
set_instance_assignment -name POST_FIT_CONNECT_TO_SLD_NODE_ENTITY_PORT acq_data_in[2] -to "M_CmparCurt:U_M_CmparCurt_0|PrSv_AdcCurt1V5_s[11]" -section_id auto_signaltap_0
set_instance_assignment -name POST_FIT_CONNECT_TO_SLD_NODE_ENTITY_PORT acq_data_in[3] -to "M_CmparCurt:U_M_CmparCurt_0|PrSv_AdcCurt1V5_s[1]" -section_id auto_signaltap_0
set_instance_assignment -name POST_FIT_CONNECT_TO_SLD_NODE_ENTITY_PORT acq_data_in[4] -to "M_CmparCurt:U_M_CmparCurt_0|PrSv_AdcCurt1V5_s[2]" -section_id auto_signaltap_0
set_instance_assignment -name POST_FIT_CONNECT_TO_SLD_NODE_ENTITY_PORT acq_data_in[5] -to "M_CmparCurt:U_M_CmparCurt_0|PrSv_AdcCurt1V5_s[3]" -section_id auto_signaltap_0
set_instance_assignment -name POST_FIT_CONNECT_TO_SLD_NODE_ENTITY_PORT acq_data_in[6] -to "M_CmparCurt:U_M_CmparCurt_0|PrSv_AdcCurt1V5_s[4]" -section_id auto_signaltap_0
set_instance_assignment -name POST_FIT_CONNECT_TO_SLD_NODE_ENTITY_PORT acq_data_in[7] -to "M_CmparCurt:U_M_CmparCurt_0|PrSv_AdcCurt1V5_s[5]" -section_id auto_signaltap_0
set_instance_assignment -name POST_FIT_CONNECT_TO_SLD_NODE_ENTITY_PORT acq_data_in[8] -to "M_CmparCurt:U_M_CmparCurt_0|PrSv_AdcCurt1V5_s[6]" -section_id auto_signaltap_0
set_instance_assignment -name POST_FIT_CONNECT_TO_SLD_NODE_ENTITY_PORT acq_data_in[9] -to "M_CmparCurt:U_M_CmparCurt_0|PrSv_AdcCurt1V5_s[7]" -section_id auto_signaltap_0
set_instance_assignment -name POST_FIT_CONNECT_TO_SLD_NODE_ENTITY_PORT acq_data_in[10] -to "M_CmparCurt:U_M_CmparCurt_0|PrSv_AdcCurt1V5_s[8]" -section_id auto_signaltap_0
set_instance_assignment -name POST_FIT_CONNECT_TO_SLD_NODE_ENTITY_PORT acq_data_in[11] -to "M_CmparCurt:U_M_CmparCurt_0|PrSv_AdcCurt1V5_s[9]" -section_id auto_signaltap_0
set_instance_assignment -name POST_FIT_CONNECT_TO_SLD_NODE_ENTITY_PORT acq_data_in[12] -to "M_CmparCurt:U_M_CmparCurt_0|PrSv_AdcCurt2V5_s[0]" -section_id auto_signaltap_0
set_instance_assignment -name POST_FIT_CONNECT_TO_SLD_NODE_ENTITY_PORT acq_data_in[13] -to "M_CmparCurt:U_M_CmparCurt_0|PrSv_AdcCurt2V5_s[10]" -section_id auto_signaltap_0
set_instance_assignment -name POST_FIT_CONNECT_TO_SLD_NODE_ENTITY_PORT acq_data_in[14] -to "M_CmparCurt:U_M_CmparCurt_0|PrSv_AdcCurt2V5_s[11]" -section_id auto_signaltap_0
set_instance_assignment -name POST_FIT_CONNECT_TO_SLD_NODE_ENTITY_PORT acq_data_in[15] -to "M_CmparCurt:U_M_CmparCurt_0|PrSv_AdcCurt2V5_s[1]" -section_id auto_signaltap_0
set_instance_assignment -name POST_FIT_CONNECT_TO_SLD_NODE_ENTITY_PORT acq_data_in[16] -to "M_CmparCurt:U_M_CmparCurt_0|PrSv_AdcCurt2V5_s[2]" -section_id auto_signaltap_0
set_instance_assignment -name POST_FIT_CONNECT_TO_SLD_NODE_ENTITY_PORT acq_data_in[17] -to "M_CmparCurt:U_M_CmparCurt_0|PrSv_AdcCurt2V5_s[3]" -section_id auto_signaltap_0
set_instance_assignment -name POST_FIT_CONNECT_TO_SLD_NODE_ENTITY_PORT acq_data_in[18] -to "M_CmparCurt:U_M_CmparCurt_0|PrSv_AdcCurt2V5_s[4]" -section_id auto_signaltap_0
set_instance_assignment -name POST_FIT_CONNECT_TO_SLD_NODE_ENTITY_PORT acq_data_in[19] -to "M_CmparCurt:U_M_CmparCurt_0|PrSv_AdcCurt2V5_s[5]" -section_id auto_signaltap_0
set_instance_assignment -name POST_FIT_CONNECT_TO_SLD_NODE_ENTITY_PORT acq_data_in[20] -to "M_CmparCurt:U_M_CmparCurt_0|PrSv_AdcCurt2V5_s[6]" -section_id auto_signaltap_0
set_instance_assignment -name POST_FIT_CONNECT_TO_SLD_NODE_ENTITY_PORT acq_data_in[21] -to "M_CmparCurt:U_M_CmparCurt_0|PrSv_AdcCurt2V5_s[7]" -section_id auto_signaltap_0
set_instance_assignment -name POST_FIT_CONNECT_TO_SLD_NODE_ENTITY_PORT acq_data_in[22] -to "M_CmparCurt:U_M_CmparCurt_0|PrSv_AdcCurt2V5_s[8]" -section_id auto_signaltap_0
set_instance_assignment -name POST_FIT_CONNECT_TO_SLD_NODE_ENTITY_PORT acq_data_in[23] -to "M_CmparCurt:U_M_CmparCurt_0|PrSv_AdcCurt2V5_s[9]" -section_id auto_signaltap_0
set_instance_assignment -name POST_FIT_CONNECT_TO_SLD_NODE_ENTITY_PORT acq_data_in[24] -to "M_CmparCurt:U_M_CmparCurt_0|PrSv_AdcCurt3V3_s[0]" -section_id auto_signaltap_0
set_instance_assignment -name POST_FIT_CONNECT_TO_SLD_NODE_ENTITY_PORT acq_data_in[25] -to "M_CmparCurt:U_M_CmparCurt_0|PrSv_AdcCurt3V3_s[10]" -section_id auto_signaltap_0
set_instance_assignment -name POST_FIT_CONNECT_TO_SLD_NODE_ENTITY_PORT acq_data_in[26] -to "M_CmparCurt:U_M_CmparCurt_0|PrSv_AdcCurt3V3_s[11]" -section_id auto_signaltap_0
set_instance_assignment -name POST_FIT_CONNECT_TO_SLD_NODE_ENTITY_PORT acq_data_in[27] -to "M_CmparCurt:U_M_CmparCurt_0|PrSv_AdcCurt3V3_s[1]" -section_id auto_signaltap_0
set_instance_assignment -name POST_FIT_CONNECT_TO_SLD_NODE_ENTITY_PORT acq_data_in[28] -to "M_CmparCurt:U_M_CmparCurt_0|PrSv_AdcCurt3V3_s[2]" -section_id auto_signaltap_0
set_instance_assignment -name POST_FIT_CONNECT_TO_SLD_NODE_ENTITY_PORT acq_data_in[29] -to "M_CmparCurt:U_M_CmparCurt_0|PrSv_AdcCurt3V3_s[3]" -section_id auto_signaltap_0
set_instance_assignment -name POST_FIT_CONNECT_TO_SLD_NODE_ENTITY_PORT acq_data_in[30] -to "M_CmparCurt:U_M_CmparCurt_0|PrSv_AdcCurt3V3_s[4]" -section_id auto_signaltap_0
set_instance_assignment -name POST_FIT_CONNECT_TO_SLD_NODE_ENTITY_PORT acq_data_in[31] -to "M_CmparCurt:U_M_CmparCurt_0|PrSv_AdcCurt3V3_s[5]" -section_id auto_signaltap_0
set_instance_assignment -name POST_FIT_CONNECT_TO_SLD_NODE_ENTITY_PORT acq_data_in[32] -to "M_CmparCurt:U_M_CmparCurt_0|PrSv_AdcCurt3V3_s[6]" -section_id auto_signaltap_0
set_instance_assignment -name POST_FIT_CONNECT_TO_SLD_NODE_ENTITY_PORT acq_data_in[33] -to "M_CmparCurt:U_M_CmparCurt_0|PrSv_AdcCurt3V3_s[7]" -section_id auto_signaltap_0
set_instance_assignment -name POST_FIT_CONNECT_TO_SLD_NODE_ENTITY_PORT acq_data_in[34] -to "M_CmparCurt:U_M_CmparCurt_0|PrSv_AdcCurt3V3_s[8]" -section_id auto_signaltap_0
set_instance_assignment -name POST_FIT_CONNECT_TO_SLD_NODE_ENTITY_PORT acq_data_in[35] -to "M_CmparCurt:U_M_CmparCurt_0|PrSv_AdcCurt3V3_s[9]" -section_id auto_signaltap_0
set_instance_assignment -name POST_FIT_CONNECT_TO_SLD_NODE_ENTITY_PORT acq_data_in[36] -to "M_CmparCurt:U_M_CmparCurt_0|PrSv_AdcCurtVadj_s[0]" -section_id auto_signaltap_0
set_instance_assignment -name POST_FIT_CONNECT_TO_SLD_NODE_ENTITY_PORT acq_data_in[37] -to "M_CmparCurt:U_M_CmparCurt_0|PrSv_AdcCurtVadj_s[10]" -section_id auto_signaltap_0
set_instance_assignment -name POST_FIT_CONNECT_TO_SLD_NODE_ENTITY_PORT acq_data_in[38] -to "M_CmparCurt:U_M_CmparCurt_0|PrSv_AdcCurtVadj_s[11]" -section_id auto_signaltap_0
set_instance_assignment -name POST_FIT_CONNECT_TO_SLD_NODE_ENTITY_PORT acq_data_in[39] -to "M_CmparCurt:U_M_CmparCurt_0|PrSv_AdcCurtVadj_s[1]" -section_id auto_signaltap_0
set_instance_assignment -name POST_FIT_CONNECT_TO_SLD_NODE_ENTITY_PORT acq_data_in[40] -to "M_CmparCurt:U_M_CmparCurt_0|PrSv_AdcCurtVadj_s[2]" -section_id auto_signaltap_0
set_instance_assignment -name POST_FIT_CONNECT_TO_SLD_NODE_ENTITY_PORT acq_data_in[41] -to "M_CmparCurt:U_M_CmparCurt_0|PrSv_AdcCurtVadj_s[3]" -section_id auto_signaltap_0
set_instance_assignment -name POST_FIT_CONNECT_TO_SLD_NODE_ENTITY_PORT acq_data_in[42] -to "M_CmparCurt:U_M_CmparCurt_0|PrSv_AdcCurtVadj_s[4]" -section_id auto_signaltap_0
set_instance_assignment -name POST_FIT_CONNECT_TO_SLD_NODE_ENTITY_PORT acq_data_in[43] -to "M_CmparCurt:U_M_CmparCurt_0|PrSv_AdcCurtVadj_s[5]" -section_id auto_signaltap_0
set_instance_assignment -name POST_FIT_CONNECT_TO_SLD_NODE_ENTITY_PORT acq_data_in[44] -to "M_CmparCurt:U_M_CmparCurt_0|PrSv_AdcCurtVadj_s[6]" -section_id auto_signaltap_0
set_instance_assignment -name POST_FIT_CONNECT_TO_SLD_NODE_ENTITY_PORT acq_data_in[45] -to "M_CmparCurt:U_M_CmparCurt_0|PrSv_AdcCurtVadj_s[7]" -section_id auto_signaltap_0
set_instance_assignment -name POST_FIT_CONNECT_TO_SLD_NODE_ENTITY_PORT acq_data_in[46] -to "M_CmparCurt:U_M_CmparCurt_0|PrSv_AdcCurtVadj_s[8]" -section_id auto_signaltap_0
set_instance_assignment -name POST_FIT_CONNECT_TO_SLD_NODE_ENTITY_PORT acq_data_in[47] -to "M_CmparCurt:U_M_CmparCurt_0|PrSv_AdcCurtVadj_s[9]" -section_id auto_signaltap_0
set_instance_assignment -name POST_FIT_CONNECT_TO_SLD_NODE_ENTITY_PORT crc[1] -to auto_signaltap_0|vcc -section_id auto_signaltap_0
set_instance_assignment -name POST_FIT_CONNECT_TO_SLD_NODE_ENTITY_PORT crc[3] -to auto_signaltap_0|gnd -section_id auto_signaltap_0
set_instance_assignment -name POST_FIT_CONNECT_TO_SLD_NODE_ENTITY_PORT crc[8] -to auto_signaltap_0|vcc -section_id auto_signaltap_0
set_instance_assignment -name POST_FIT_CONNECT_TO_SLD_NODE_ENTITY_PORT crc[9] -to auto_signaltap_0|vcc -section_id auto_signaltap_0
set_instance_assignment -name POST_FIT_CONNECT_TO_SLD_NODE_ENTITY_PORT crc[19] -to auto_signaltap_0|vcc -section_id auto_signaltap_0
set_instance_assignment -name POST_FIT_CONNECT_TO_SLD_NODE_ENTITY_PORT acq_trigger_in[48] -to "M_CmparCurt:U_M_CmparCurt_0|PrSv_AdcDin_s[0]" -section_id auto_signaltap_0
set_instance_assignment -name POST_FIT_CONNECT_TO_SLD_NODE_ENTITY_PORT acq_trigger_in[49] -to "M_CmparCurt:U_M_CmparCurt_0|PrSv_AdcDin_s[10]" -section_id auto_signaltap_0
set_instance_assignment -name POST_FIT_CONNECT_TO_SLD_NODE_ENTITY_PORT acq_trigger_in[50] -to "M_CmparCurt:U_M_CmparCurt_0|PrSv_AdcDin_s[11]" -section_id auto_signaltap_0
set_instance_assignment -name POST_FIT_CONNECT_TO_SLD_NODE_ENTITY_PORT acq_trigger_in[51] -to "M_CmparCurt:U_M_CmparCurt_0|PrSv_AdcDin_s[12]" -section_id auto_signaltap_0
set_instance_assignment -name POST_FIT_CONNECT_TO_SLD_NODE_ENTITY_PORT acq_trigger_in[52] -to "M_CmparCurt:U_M_CmparCurt_0|PrSv_AdcDin_s[13]" -section_id auto_signaltap_0
set_instance_assignment -name POST_FIT_CONNECT_TO_SLD_NODE_ENTITY_PORT acq_trigger_in[53] -to "M_CmparCurt:U_M_CmparCurt_0|PrSv_AdcDin_s[14]" -section_id auto_signaltap_0
set_instance_assignment -name POST_FIT_CONNECT_TO_SLD_NODE_ENTITY_PORT acq_trigger_in[54] -to "M_CmparCurt:U_M_CmparCurt_0|PrSv_AdcDin_s[15]" -section_id auto_signaltap_0
set_instance_assignment -name POST_FIT_CONNECT_TO_SLD_NODE_ENTITY_PORT acq_trigger_in[55] -to "M_CmparCurt:U_M_CmparCurt_0|PrSv_AdcDin_s[1]" -section_id auto_signaltap_0
set_instance_assignment -name POST_FIT_CONNECT_TO_SLD_NODE_ENTITY_PORT acq_trigger_in[56] -to "M_CmparCurt:U_M_CmparCurt_0|PrSv_AdcDin_s[2]" -section_id auto_signaltap_0
set_instance_assignment -name POST_FIT_CONNECT_TO_SLD_NODE_ENTITY_PORT acq_trigger_in[57] -to "M_CmparCurt:U_M_CmparCurt_0|PrSv_AdcDin_s[3]" -section_id auto_signaltap_0
set_instance_assignment -name POST_FIT_CONNECT_TO_SLD_NODE_ENTITY_PORT acq_trigger_in[58] -to "M_CmparCurt:U_M_CmparCurt_0|PrSv_AdcDin_s[4]" -section_id auto_signaltap_0
set_instance_assignment -name POST_FIT_CONNECT_TO_SLD_NODE_ENTITY_PORT acq_trigger_in[59] -to "M_CmparCurt:U_M_CmparCurt_0|PrSv_AdcDin_s[5]" -section_id auto_signaltap_0
set_instance_assignment -name POST_FIT_CONNECT_TO_SLD_NODE_ENTITY_PORT acq_trigger_in[60] -to "M_CmparCurt:U_M_CmparCurt_0|PrSv_AdcDin_s[6]" -section_id auto_signaltap_0
set_instance_assignment -name POST_FIT_CONNECT_TO_SLD_NODE_ENTITY_PORT acq_trigger_in[61] -to "M_CmparCurt:U_M_CmparCurt_0|PrSv_AdcDin_s[7]" -section_id auto_signaltap_0
set_instance_assignment -name POST_FIT_CONNECT_TO_SLD_NODE_ENTITY_PORT acq_trigger_in[62] -to "M_CmparCurt:U_M_CmparCurt_0|PrSv_AdcDin_s[8]" -section_id auto_signaltap_0
set_instance_assignment -name POST_FIT_CONNECT_TO_SLD_NODE_ENTITY_PORT acq_trigger_in[63] -to "M_CmparCurt:U_M_CmparCurt_0|PrSv_AdcDin_s[9]" -section_id auto_signaltap_0
set_instance_assignment -name POST_FIT_CONNECT_TO_SLD_NODE_ENTITY_PORT acq_trigger_in[64] -to "M_CmparVol:U_M_CmparVol_0|PrSv_Adc1V5_s[0]" -section_id auto_signaltap_0
set_instance_assignment -name POST_FIT_CONNECT_TO_SLD_NODE_ENTITY_PORT acq_trigger_in[65] -to "M_CmparVol:U_M_CmparVol_0|PrSv_Adc1V5_s[10]" -section_id auto_signaltap_0
set_instance_assignment -name POST_FIT_CONNECT_TO_SLD_NODE_ENTITY_PORT acq_trigger_in[66] -to "M_CmparVol:U_M_CmparVol_0|PrSv_Adc1V5_s[11]" -section_id auto_signaltap_0
set_instance_assignment -name POST_FIT_CONNECT_TO_SLD_NODE_ENTITY_PORT acq_trigger_in[67] -to "M_CmparVol:U_M_CmparVol_0|PrSv_Adc1V5_s[1]" -section_id auto_signaltap_0
set_instance_assignment -name POST_FIT_CONNECT_TO_SLD_NODE_ENTITY_PORT acq_trigger_in[68] -to "M_CmparVol:U_M_CmparVol_0|PrSv_Adc1V5_s[2]" -section_id auto_signaltap_0
set_instance_assignment -name POST_FIT_CONNECT_TO_SLD_NODE_ENTITY_PORT acq_trigger_in[69] -to "M_CmparVol:U_M_CmparVol_0|PrSv_Adc1V5_s[3]" -section_id auto_signaltap_0
set_instance_assignment -name POST_FIT_CONNECT_TO_SLD_NODE_ENTITY_PORT acq_trigger_in[70] -to "M_CmparVol:U_M_CmparVol_0|PrSv_Adc1V5_s[4]" -section_id auto_signaltap_0
set_instance_assignment -name POST_FIT_CONNECT_TO_SLD_NODE_ENTITY_PORT acq_trigger_in[71] -to "M_CmparVol:U_M_CmparVol_0|PrSv_Adc1V5_s[5]" -section_id auto_signaltap_0
set_instance_assignment -name POST_FIT_CONNECT_TO_SLD_NODE_ENTITY_PORT acq_trigger_in[72] -to "M_CmparVol:U_M_CmparVol_0|PrSv_Adc1V5_s[6]" -section_id auto_signaltap_0
set_instance_assignment -name POST_FIT_CONNECT_TO_SLD_NODE_ENTITY_PORT acq_trigger_in[73] -to "M_CmparVol:U_M_CmparVol_0|PrSv_Adc1V5_s[7]" -section_id auto_signaltap_0
set_instance_assignment -name POST_FIT_CONNECT_TO_SLD_NODE_ENTITY_PORT acq_trigger_in[74] -to "M_CmparVol:U_M_CmparVol_0|PrSv_Adc1V5_s[8]" -section_id auto_signaltap_0
set_instance_assignment -name POST_FIT_CONNECT_TO_SLD_NODE_ENTITY_PORT acq_trigger_in[75] -to "M_CmparVol:U_M_CmparVol_0|PrSv_Adc1V5_s[9]" -section_id auto_signaltap_0
set_instance_assignment -name POST_FIT_CONNECT_TO_SLD_NODE_ENTITY_PORT acq_trigger_in[76] -to "M_CmparVol:U_M_CmparVol_0|PrSv_Adc2V5_s[0]" -section_id auto_signaltap_0
set_instance_assignment -name POST_FIT_CONNECT_TO_SLD_NODE_ENTITY_PORT acq_trigger_in[77] -to "M_CmparVol:U_M_CmparVol_0|PrSv_Adc2V5_s[10]" -section_id auto_signaltap_0
set_instance_assignment -name POST_FIT_CONNECT_TO_SLD_NODE_ENTITY_PORT acq_trigger_in[78] -to "M_CmparVol:U_M_CmparVol_0|PrSv_Adc2V5_s[11]" -section_id auto_signaltap_0
set_instance_assignment -name POST_FIT_CONNECT_TO_SLD_NODE_ENTITY_PORT acq_trigger_in[79] -to "M_CmparVol:U_M_CmparVol_0|PrSv_Adc2V5_s[1]" -section_id auto_signaltap_0
set_instance_assignment -name POST_FIT_CONNECT_TO_SLD_NODE_ENTITY_PORT acq_trigger_in[80] -to "M_CmparVol:U_M_CmparVol_0|PrSv_Adc2V5_s[2]" -section_id auto_signaltap_0
set_instance_assignment -name POST_FIT_CONNECT_TO_SLD_NODE_ENTITY_PORT acq_trigger_in[81] -to "M_CmparVol:U_M_CmparVol_0|PrSv_Adc2V5_s[3]" -section_id auto_signaltap_0
set_instance_assignment -name POST_FIT_CONNECT_TO_SLD_NODE_ENTITY_PORT acq_trigger_in[82] -to "M_CmparVol:U_M_CmparVol_0|PrSv_Adc2V5_s[4]" -section_id auto_signaltap_0
set_instance_assignment -name POST_FIT_CONNECT_TO_SLD_NODE_ENTITY_PORT acq_trigger_in[83] -to "M_CmparVol:U_M_CmparVol_0|PrSv_Adc2V5_s[5]" -section_id auto_signaltap_0
set_instance_assignment -name POST_FIT_CONNECT_TO_SLD_NODE_ENTITY_PORT acq_trigger_in[84] -to "M_CmparVol:U_M_CmparVol_0|PrSv_Adc2V5_s[6]" -section_id auto_signaltap_0
set_instance_assignment -name POST_FIT_CONNECT_TO_SLD_NODE_ENTITY_PORT acq_trigger_in[85] -to "M_CmparVol:U_M_CmparVol_0|PrSv_Adc2V5_s[7]" -section_id auto_signaltap_0
set_instance_assignment -name POST_FIT_CONNECT_TO_SLD_NODE_ENTITY_PORT acq_trigger_in[86] -to "M_CmparVol:U_M_CmparVol_0|PrSv_Adc2V5_s[8]" -section_id auto_signaltap_0
set_instance_assignment -name POST_FIT_CONNECT_TO_SLD_NODE_ENTITY_PORT acq_trigger_in[87] -to "M_CmparVol:U_M_CmparVol_0|PrSv_Adc2V5_s[9]" -section_id auto_signaltap_0
set_instance_assignment -name POST_FIT_CONNECT_TO_SLD_NODE_ENTITY_PORT acq_trigger_in[88] -to "M_CmparVol:U_M_CmparVol_0|PrSv_Adc3V3_s[0]" -section_id auto_signaltap_0
set_instance_assignment -name POST_FIT_CONNECT_TO_SLD_NODE_ENTITY_PORT acq_trigger_in[89] -to "M_CmparVol:U_M_CmparVol_0|PrSv_Adc3V3_s[10]" -section_id auto_signaltap_0
set_instance_assignment -name POST_FIT_CONNECT_TO_SLD_NODE_ENTITY_PORT acq_trigger_in[90] -to "M_CmparVol:U_M_CmparVol_0|PrSv_Adc3V3_s[11]" -section_id auto_signaltap_0
set_instance_assignment -name POST_FIT_CONNECT_TO_SLD_NODE_ENTITY_PORT acq_trigger_in[91] -to "M_CmparVol:U_M_CmparVol_0|PrSv_Adc3V3_s[1]" -section_id auto_signaltap_0
set_instance_assignment -name POST_FIT_CONNECT_TO_SLD_NODE_ENTITY_PORT acq_trigger_in[92] -to "M_CmparVol:U_M_CmparVol_0|PrSv_Adc3V3_s[2]" -section_id auto_signaltap_0
set_instance_assignment -name POST_FIT_CONNECT_TO_SLD_NODE_ENTITY_PORT acq_trigger_in[93] -to "M_CmparVol:U_M_CmparVol_0|PrSv_Adc3V3_s[3]" -section_id auto_signaltap_0
set_instance_assignment -name POST_FIT_CONNECT_TO_SLD_NODE_ENTITY_PORT acq_trigger_in[94] -to "M_CmparVol:U_M_CmparVol_0|PrSv_Adc3V3_s[4]" -section_id auto_signaltap_0
set_instance_assignment -name POST_FIT_CONNECT_TO_SLD_NODE_ENTITY_PORT acq_trigger_in[95] -to "M_CmparVol:U_M_CmparVol_0|PrSv_Adc3V3_s[5]" -section_id auto_signaltap_0
set_instance_assignment -name POST_FIT_CONNECT_TO_SLD_NODE_ENTITY_PORT acq_trigger_in[96] -to "M_CmparVol:U_M_CmparVol_0|PrSv_Adc3V3_s[6]" -section_id auto_signaltap_0
set_instance_assignment -name POST_FIT_CONNECT_TO_SLD_NODE_ENTITY_PORT acq_trigger_in[97] -to "M_CmparVol:U_M_CmparVol_0|PrSv_Adc3V3_s[7]" -section_id auto_signaltap_0
set_instance_assignment -name POST_FIT_CONNECT_TO_SLD_NODE_ENTITY_PORT acq_trigger_in[98] -to "M_CmparVol:U_M_CmparVol_0|PrSv_Adc3V3_s[8]" -section_id auto_signaltap_0
set_instance_assignment -name POST_FIT_CONNECT_TO_SLD_NODE_ENTITY_PORT acq_trigger_in[99] -to "M_CmparVol:U_M_CmparVol_0|PrSv_Adc3V3_s[9]" -section_id auto_signaltap_0
set_instance_assignment -name POST_FIT_CONNECT_TO_SLD_NODE_ENTITY_PORT acq_trigger_in[100] -to "M_CmparVol:U_M_CmparVol_0|PrSv_Adc5V_s[0]" -section_id auto_signaltap_0
set_instance_assignment -name POST_FIT_CONNECT_TO_SLD_NODE_ENTITY_PORT acq_trigger_in[101] -to "M_CmparVol:U_M_CmparVol_0|PrSv_Adc5V_s[10]" -section_id auto_signaltap_0
set_instance_assignment -name POST_FIT_CONNECT_TO_SLD_NODE_ENTITY_PORT acq_trigger_in[102] -to "M_CmparVol:U_M_CmparVol_0|PrSv_Adc5V_s[11]" -section_id auto_signaltap_0
set_instance_assignment -name POST_FIT_CONNECT_TO_SLD_NODE_ENTITY_PORT acq_trigger_in[103] -to "M_CmparVol:U_M_CmparVol_0|PrSv_Adc5V_s[1]" -section_id auto_signaltap_0
set_instance_assignment -name POST_FIT_CONNECT_TO_SLD_NODE_ENTITY_PORT acq_trigger_in[104] -to "M_CmparVol:U_M_CmparVol_0|PrSv_Adc5V_s[2]" -section_id auto_signaltap_0
set_instance_assignment -name POST_FIT_CONNECT_TO_SLD_NODE_ENTITY_PORT acq_trigger_in[105] -to "M_CmparVol:U_M_CmparVol_0|PrSv_Adc5V_s[3]" -section_id auto_signaltap_0
set_instance_assignment -name POST_FIT_CONNECT_TO_SLD_NODE_ENTITY_PORT acq_trigger_in[106] -to "M_CmparVol:U_M_CmparVol_0|PrSv_Adc5V_s[4]" -section_id auto_signaltap_0
set_instance_assignment -name POST_FIT_CONNECT_TO_SLD_NODE_ENTITY_PORT acq_trigger_in[107] -to "M_CmparVol:U_M_CmparVol_0|PrSv_Adc5V_s[5]" -section_id auto_signaltap_0
set_instance_assignment -name POST_FIT_CONNECT_TO_SLD_NODE_ENTITY_PORT acq_trigger_in[108] -to "M_CmparVol:U_M_CmparVol_0|PrSv_Adc5V_s[6]" -section_id auto_signaltap_0
set_instance_assignment -name POST_FIT_CONNECT_TO_SLD_NODE_ENTITY_PORT acq_trigger_in[109] -to "M_CmparVol:U_M_CmparVol_0|PrSv_Adc5V_s[7]" -section_id auto_signaltap_0
set_instance_assignment -name POST_FIT_CONNECT_TO_SLD_NODE_ENTITY_PORT acq_trigger_in[110] -to "M_CmparVol:U_M_CmparVol_0|PrSv_Adc5V_s[8]" -section_id auto_signaltap_0
set_instance_assignment -name POST_FIT_CONNECT_TO_SLD_NODE_ENTITY_PORT acq_trigger_in[111] -to "M_CmparVol:U_M_CmparVol_0|PrSv_Adc5V_s[9]" -section_id auto_signaltap_0
set_instance_assignment -name POST_FIT_CONNECT_TO_SLD_NODE_ENTITY_PORT acq_data_in[48] -to "M_CmparCurt:U_M_CmparCurt_0|PrSv_AdcDin_s[0]" -section_id auto_signaltap_0
set_instance_assignment -name POST_FIT_CONNECT_TO_SLD_NODE_ENTITY_PORT acq_data_in[49] -to "M_CmparCurt:U_M_CmparCurt_0|PrSv_AdcDin_s[10]" -section_id auto_signaltap_0
set_instance_assignment -name POST_FIT_CONNECT_TO_SLD_NODE_ENTITY_PORT acq_data_in[50] -to "M_CmparCurt:U_M_CmparCurt_0|PrSv_AdcDin_s[11]" -section_id auto_signaltap_0
set_instance_assignment -name POST_FIT_CONNECT_TO_SLD_NODE_ENTITY_PORT acq_data_in[51] -to "M_CmparCurt:U_M_CmparCurt_0|PrSv_AdcDin_s[12]" -section_id auto_signaltap_0
set_instance_assignment -name POST_FIT_CONNECT_TO_SLD_NODE_ENTITY_PORT acq_data_in[52] -to "M_CmparCurt:U_M_CmparCurt_0|PrSv_AdcDin_s[13]" -section_id auto_signaltap_0
set_instance_assignment -name POST_FIT_CONNECT_TO_SLD_NODE_ENTITY_PORT acq_data_in[53] -to "M_CmparCurt:U_M_CmparCurt_0|PrSv_AdcDin_s[14]" -section_id auto_signaltap_0
set_instance_assignment -name POST_FIT_CONNECT_TO_SLD_NODE_ENTITY_PORT acq_data_in[54] -to "M_CmparCurt:U_M_CmparCurt_0|PrSv_AdcDin_s[15]" -section_id auto_signaltap_0
set_instance_assignment -name POST_FIT_CONNECT_TO_SLD_NODE_ENTITY_PORT acq_data_in[55] -to "M_CmparCurt:U_M_CmparCurt_0|PrSv_AdcDin_s[1]" -section_id auto_signaltap_0
set_instance_assignment -name POST_FIT_CONNECT_TO_SLD_NODE_ENTITY_PORT acq_data_in[56] -to "M_CmparCurt:U_M_CmparCurt_0|PrSv_AdcDin_s[2]" -section_id auto_signaltap_0
set_instance_assignment -name POST_FIT_CONNECT_TO_SLD_NODE_ENTITY_PORT acq_data_in[57] -to "M_CmparCurt:U_M_CmparCurt_0|PrSv_AdcDin_s[3]" -section_id auto_signaltap_0
set_instance_assignment -name POST_FIT_CONNECT_TO_SLD_NODE_ENTITY_PORT acq_data_in[58] -to "M_CmparCurt:U_M_CmparCurt_0|PrSv_AdcDin_s[4]" -section_id auto_signaltap_0
set_instance_assignment -name POST_FIT_CONNECT_TO_SLD_NODE_ENTITY_PORT acq_data_in[59] -to "M_CmparCurt:U_M_CmparCurt_0|PrSv_AdcDin_s[5]" -section_id auto_signaltap_0
set_instance_assignment -name POST_FIT_CONNECT_TO_SLD_NODE_ENTITY_PORT acq_data_in[60] -to "M_CmparCurt:U_M_CmparCurt_0|PrSv_AdcDin_s[6]" -section_id auto_signaltap_0
set_instance_assignment -name POST_FIT_CONNECT_TO_SLD_NODE_ENTITY_PORT acq_data_in[61] -to "M_CmparCurt:U_M_CmparCurt_0|PrSv_AdcDin_s[7]" -section_id auto_signaltap_0
set_instance_assignment -name POST_FIT_CONNECT_TO_SLD_NODE_ENTITY_PORT acq_data_in[62] -to "M_CmparCurt:U_M_CmparCurt_0|PrSv_AdcDin_s[8]" -section_id auto_signaltap_0
set_instance_assignment -name POST_FIT_CONNECT_TO_SLD_NODE_ENTITY_PORT acq_data_in[63] -to "M_CmparCurt:U_M_CmparCurt_0|PrSv_AdcDin_s[9]" -section_id auto_signaltap_0
set_instance_assignment -name POST_FIT_CONNECT_TO_SLD_NODE_ENTITY_PORT acq_data_in[64] -to "M_CmparVol:U_M_CmparVol_0|PrSv_Adc1V5_s[0]" -section_id auto_signaltap_0
set_instance_assignment -name POST_FIT_CONNECT_TO_SLD_NODE_ENTITY_PORT acq_data_in[65] -to "M_CmparVol:U_M_CmparVol_0|PrSv_Adc1V5_s[10]" -section_id auto_signaltap_0
set_instance_assignment -name POST_FIT_CONNECT_TO_SLD_NODE_ENTITY_PORT acq_data_in[66] -to "M_CmparVol:U_M_CmparVol_0|PrSv_Adc1V5_s[11]" -section_id auto_signaltap_0
set_instance_assignment -name POST_FIT_CONNECT_TO_SLD_NODE_ENTITY_PORT acq_data_in[67] -to "M_CmparVol:U_M_CmparVol_0|PrSv_Adc1V5_s[1]" -section_id auto_signaltap_0
set_instance_assignment -name POST_FIT_CONNECT_TO_SLD_NODE_ENTITY_PORT acq_data_in[68] -to "M_CmparVol:U_M_CmparVol_0|PrSv_Adc1V5_s[2]" -section_id auto_signaltap_0
set_instance_assignment -name POST_FIT_CONNECT_TO_SLD_NODE_ENTITY_PORT acq_data_in[69] -to "M_CmparVol:U_M_CmparVol_0|PrSv_Adc1V5_s[3]" -section_id auto_signaltap_0
set_instance_assignment -name POST_FIT_CONNECT_TO_SLD_NODE_ENTITY_PORT acq_data_in[70] -to "M_CmparVol:U_M_CmparVol_0|PrSv_Adc1V5_s[4]" -section_id auto_signaltap_0
set_instance_assignment -name POST_FIT_CONNECT_TO_SLD_NODE_ENTITY_PORT acq_data_in[71] -to "M_CmparVol:U_M_CmparVol_0|PrSv_Adc1V5_s[5]" -section_id auto_signaltap_0
set_instance_assignment -name POST_FIT_CONNECT_TO_SLD_NODE_ENTITY_PORT acq_data_in[72] -to "M_CmparVol:U_M_CmparVol_0|PrSv_Adc1V5_s[6]" -section_id auto_signaltap_0
set_instance_assignment -name POST_FIT_CONNECT_TO_SLD_NODE_ENTITY_PORT acq_data_in[73] -to "M_CmparVol:U_M_CmparVol_0|PrSv_Adc1V5_s[7]" -section_id auto_signaltap_0
set_instance_assignment -name POST_FIT_CONNECT_TO_SLD_NODE_ENTITY_PORT acq_data_in[74] -to "M_CmparVol:U_M_CmparVol_0|PrSv_Adc1V5_s[8]" -section_id auto_signaltap_0
set_instance_assignment -name POST_FIT_CONNECT_TO_SLD_NODE_ENTITY_PORT acq_data_in[75] -to "M_CmparVol:U_M_CmparVol_0|PrSv_Adc1V5_s[9]" -section_id auto_signaltap_0
set_instance_assignment -name POST_FIT_CONNECT_TO_SLD_NODE_ENTITY_PORT acq_data_in[76] -to "M_CmparVol:U_M_CmparVol_0|PrSv_Adc2V5_s[0]" -section_id auto_signaltap_0
set_instance_assignment -name POST_FIT_CONNECT_TO_SLD_NODE_ENTITY_PORT acq_data_in[77] -to "M_CmparVol:U_M_CmparVol_0|PrSv_Adc2V5_s[10]" -section_id auto_signaltap_0
set_instance_assignment -name POST_FIT_CONNECT_TO_SLD_NODE_ENTITY_PORT acq_data_in[78] -to "M_CmparVol:U_M_CmparVol_0|PrSv_Adc2V5_s[11]" -section_id auto_signaltap_0
set_instance_assignment -name POST_FIT_CONNECT_TO_SLD_NODE_ENTITY_PORT acq_data_in[79] -to "M_CmparVol:U_M_CmparVol_0|PrSv_Adc2V5_s[1]" -section_id auto_signaltap_0
set_instance_assignment -name POST_FIT_CONNECT_TO_SLD_NODE_ENTITY_PORT acq_data_in[80] -to "M_CmparVol:U_M_CmparVol_0|PrSv_Adc2V5_s[2]" -section_id auto_signaltap_0
set_instance_assignment -name POST_FIT_CONNECT_TO_SLD_NODE_ENTITY_PORT acq_data_in[81] -to "M_CmparVol:U_M_CmparVol_0|PrSv_Adc2V5_s[3]" -section_id auto_signaltap_0
set_instance_assignment -name POST_FIT_CONNECT_TO_SLD_NODE_ENTITY_PORT acq_data_in[82] -to "M_CmparVol:U_M_CmparVol_0|PrSv_Adc2V5_s[4]" -section_id auto_signaltap_0
set_instance_assignment -name POST_FIT_CONNECT_TO_SLD_NODE_ENTITY_PORT acq_data_in[83] -to "M_CmparVol:U_M_CmparVol_0|PrSv_Adc2V5_s[5]" -section_id auto_signaltap_0
set_instance_assignment -name POST_FIT_CONNECT_TO_SLD_NODE_ENTITY_PORT acq_data_in[84] -to "M_CmparVol:U_M_CmparVol_0|PrSv_Adc2V5_s[6]" -section_id auto_signaltap_0
set_instance_assignment -name POST_FIT_CONNECT_TO_SLD_NODE_ENTITY_PORT acq_data_in[85] -to "M_CmparVol:U_M_CmparVol_0|PrSv_Adc2V5_s[7]" -section_id auto_signaltap_0
set_instance_assignment -name POST_FIT_CONNECT_TO_SLD_NODE_ENTITY_PORT acq_data_in[86] -to "M_CmparVol:U_M_CmparVol_0|PrSv_Adc2V5_s[8]" -section_id auto_signaltap_0
set_instance_assignment -name POST_FIT_CONNECT_TO_SLD_NODE_ENTITY_PORT acq_data_in[87] -to "M_CmparVol:U_M_CmparVol_0|PrSv_Adc2V5_s[9]" -section_id auto_signaltap_0
set_instance_assignment -name POST_FIT_CONNECT_TO_SLD_NODE_ENTITY_PORT acq_data_in[88] -to "M_CmparVol:U_M_CmparVol_0|PrSv_Adc3V3_s[0]" -section_id auto_signaltap_0
set_instance_assignment -name POST_FIT_CONNECT_TO_SLD_NODE_ENTITY_PORT acq_data_in[89] -to "M_CmparVol:U_M_CmparVol_0|PrSv_Adc3V3_s[10]" -section_id auto_signaltap_0
set_instance_assignment -name POST_FIT_CONNECT_TO_SLD_NODE_ENTITY_PORT acq_data_in[90] -to "M_CmparVol:U_M_CmparVol_0|PrSv_Adc3V3_s[11]" -section_id auto_signaltap_0
set_instance_assignment -name POST_FIT_CONNECT_TO_SLD_NODE_ENTITY_PORT acq_data_in[91] -to "M_CmparVol:U_M_CmparVol_0|PrSv_Adc3V3_s[1]" -section_id auto_signaltap_0
set_instance_assignment -name POST_FIT_CONNECT_TO_SLD_NODE_ENTITY_PORT acq_data_in[92] -to "M_CmparVol:U_M_CmparVol_0|PrSv_Adc3V3_s[2]" -section_id auto_signaltap_0
set_instance_assignment -name POST_FIT_CONNECT_TO_SLD_NODE_ENTITY_PORT acq_data_in[93] -to "M_CmparVol:U_M_CmparVol_0|PrSv_Adc3V3_s[3]" -section_id auto_signaltap_0
set_instance_assignment -name POST_FIT_CONNECT_TO_SLD_NODE_ENTITY_PORT acq_data_in[94] -to "M_CmparVol:U_M_CmparVol_0|PrSv_Adc3V3_s[4]" -section_id auto_signaltap_0
set_instance_assignment -name POST_FIT_CONNECT_TO_SLD_NODE_ENTITY_PORT acq_data_in[95] -to "M_CmparVol:U_M_CmparVol_0|PrSv_Adc3V3_s[5]" -section_id auto_signaltap_0
set_instance_assignment -name POST_FIT_CONNECT_TO_SLD_NODE_ENTITY_PORT acq_data_in[96] -to "M_CmparVol:U_M_CmparVol_0|PrSv_Adc3V3_s[6]" -section_id auto_signaltap_0
set_instance_assignment -name POST_FIT_CONNECT_TO_SLD_NODE_ENTITY_PORT acq_data_in[97] -to "M_CmparVol:U_M_CmparVol_0|PrSv_Adc3V3_s[7]" -section_id auto_signaltap_0
set_instance_assignment -name POST_FIT_CONNECT_TO_SLD_NODE_ENTITY_PORT acq_data_in[98] -to "M_CmparVol:U_M_CmparVol_0|PrSv_Adc3V3_s[8]" -section_id auto_signaltap_0
set_instance_assignment -name POST_FIT_CONNECT_TO_SLD_NODE_ENTITY_PORT acq_data_in[99] -to "M_CmparVol:U_M_CmparVol_0|PrSv_Adc3V3_s[9]" -section_id auto_signaltap_0
set_instance_assignment -name POST_FIT_CONNECT_TO_SLD_NODE_ENTITY_PORT acq_data_in[100] -to "M_CmparVol:U_M_CmparVol_0|PrSv_Adc5V_s[0]" -section_id auto_signaltap_0
set_instance_assignment -name POST_FIT_CONNECT_TO_SLD_NODE_ENTITY_PORT acq_data_in[101] -to "M_CmparVol:U_M_CmparVol_0|PrSv_Adc5V_s[10]" -section_id auto_signaltap_0
set_instance_assignment -name POST_FIT_CONNECT_TO_SLD_NODE_ENTITY_PORT acq_data_in[102] -to "M_CmparVol:U_M_CmparVol_0|PrSv_Adc5V_s[11]" -section_id auto_signaltap_0
set_instance_assignment -name POST_FIT_CONNECT_TO_SLD_NODE_ENTITY_PORT acq_data_in[103] -to "M_CmparVol:U_M_CmparVol_0|PrSv_Adc5V_s[1]" -section_id auto_signaltap_0
set_instance_assignment -name POST_FIT_CONNECT_TO_SLD_NODE_ENTITY_PORT acq_data_in[104] -to "M_CmparVol:U_M_CmparVol_0|PrSv_Adc5V_s[2]" -section_id auto_signaltap_0
set_instance_assignment -name POST_FIT_CONNECT_TO_SLD_NODE_ENTITY_PORT acq_data_in[105] -to "M_CmparVol:U_M_CmparVol_0|PrSv_Adc5V_s[3]" -section_id auto_signaltap_0
set_instance_assignment -name POST_FIT_CONNECT_TO_SLD_NODE_ENTITY_PORT acq_data_in[106] -to "M_CmparVol:U_M_CmparVol_0|PrSv_Adc5V_s[4]" -section_id auto_signaltap_0
set_instance_assignment -name POST_FIT_CONNECT_TO_SLD_NODE_ENTITY_PORT acq_data_in[107] -to "M_CmparVol:U_M_CmparVol_0|PrSv_Adc5V_s[5]" -section_id auto_signaltap_0
set_instance_assignment -name POST_FIT_CONNECT_TO_SLD_NODE_ENTITY_PORT acq_data_in[108] -to "M_CmparVol:U_M_CmparVol_0|PrSv_Adc5V_s[6]" -section_id auto_signaltap_0
set_instance_assignment -name POST_FIT_CONNECT_TO_SLD_NODE_ENTITY_PORT acq_data_in[109] -to "M_CmparVol:U_M_CmparVol_0|PrSv_Adc5V_s[7]" -section_id auto_signaltap_0
set_instance_assignment -name POST_FIT_CONNECT_TO_SLD_NODE_ENTITY_PORT acq_data_in[110] -to "M_CmparVol:U_M_CmparVol_0|PrSv_Adc5V_s[8]" -section_id auto_signaltap_0
set_instance_assignment -name POST_FIT_CONNECT_TO_SLD_NODE_ENTITY_PORT acq_data_in[111] -to "M_CmparVol:U_M_CmparVol_0|PrSv_Adc5V_s[9]" -section_id auto_signaltap_0
set_instance_assignment -name POST_FIT_CONNECT_TO_SLD_NODE_ENTITY_PORT crc[4] -to auto_signaltap_0|gnd -section_id auto_signaltap_0
set_instance_assignment -name POST_FIT_CONNECT_TO_SLD_NODE_ENTITY_PORT crc[24] -to auto_signaltap_0|gnd -section_id auto_signaltap_0
set_instance_assignment -name POST_FIT_CONNECT_TO_SLD_NODE_ENTITY_PORT crc[30] -to auto_signaltap_0|vcc -section_id auto_signaltap_0
set_instance_assignment -name POST_FIT_CONNECT_TO_SLD_NODE_ENTITY_PORT acq_trigger_in[112] -to "M_FpgaType:U_M_FpgaType_0|PrSv_GpioDly1_s[0]" -section_id auto_signaltap_0
set_instance_assignment -name POST_FIT_CONNECT_TO_SLD_NODE_ENTITY_PORT acq_trigger_in[113] -to "M_FpgaType:U_M_FpgaType_0|PrSv_GpioDly1_s[1]" -section_id auto_signaltap_0
set_instance_assignment -name POST_FIT_CONNECT_TO_SLD_NODE_ENTITY_PORT acq_trigger_in[114] -to "M_FpgaType:U_M_FpgaType_0|PrSv_GpioDly1_s[2]" -section_id auto_signaltap_0
set_instance_assignment -name POST_FIT_CONNECT_TO_SLD_NODE_ENTITY_PORT acq_data_in[112] -to "M_FpgaType:U_M_FpgaType_0|PrSv_GpioDly1_s[0]" -section_id auto_signaltap_0
set_instance_assignment -name POST_FIT_CONNECT_TO_SLD_NODE_ENTITY_PORT acq_data_in[113] -to "M_FpgaType:U_M_FpgaType_0|PrSv_GpioDly1_s[1]" -section_id auto_signaltap_0
set_instance_assignment -name POST_FIT_CONNECT_TO_SLD_NODE_ENTITY_PORT acq_data_in[114] -to "M_FpgaType:U_M_FpgaType_0|PrSv_GpioDly1_s[2]" -section_id auto_signaltap_0
set_global_assignment -name SLD_NODE_PARAMETER_ASSIGNMENT "SLD_DATA_BITS=115" -section_id auto_signaltap_0
set_global_assignment -name SLD_NODE_PARAMETER_ASSIGNMENT "SLD_TRIGGER_BITS=115" -section_id auto_signaltap_0
set_global_assignment -name SLD_NODE_PARAMETER_ASSIGNMENT "SLD_STORAGE_QUALIFIER_BITS=115" -section_id auto_signaltap_0
set_global_assignment -name SLD_NODE_PARAMETER_ASSIGNMENT "SLD_INVERSION_MASK=00000000000000000000000000000000000000000000000000000000000000000000000000000000000000000000000000000000000000000000000000000000000000000000000000000000000000000000000000000000000000000000000000000000000000000000000000000000000000000000000000000000000000000000000000000000000000000000000000000000000000000000000000000000000000000000000000000000000000000000000000000000" -section_id auto_signaltap_0
set_global_assignment -name SLD_NODE_PARAMETER_ASSIGNMENT "SLD_INVERSION_MASK_LENGTH=368" -section_id auto_signaltap_0
set_instance_assignment -name POST_FIT_CONNECT_TO_SLD_NODE_ENTITY_PORT crc[0] -to auto_signaltap_0|vcc -section_id auto_signaltap_0
set_instance_assignment -name POST_FIT_CONNECT_TO_SLD_NODE_ENTITY_PORT crc[2] -to auto_signaltap_0|gnd -section_id auto_signaltap_0
set_instance_assignment -name POST_FIT_CONNECT_TO_SLD_NODE_ENTITY_PORT crc[6] -to auto_signaltap_0|vcc -section_id auto_signaltap_0
set_instance_assignment -name POST_FIT_CONNECT_TO_SLD_NODE_ENTITY_PORT crc[12] -to auto_signaltap_0|vcc -section_id auto_signaltap_0
set_instance_assignment -name POST_FIT_CONNECT_TO_SLD_NODE_ENTITY_PORT crc[13] -to auto_signaltap_0|gnd -section_id auto_signaltap_0
set_instance_assignment -name POST_FIT_CONNECT_TO_SLD_NODE_ENTITY_PORT crc[14] -to auto_signaltap_0|gnd -section_id auto_signaltap_0
set_instance_assignment -name POST_FIT_CONNECT_TO_SLD_NODE_ENTITY_PORT crc[16] -to auto_signaltap_0|vcc -section_id auto_signaltap_0
set_instance_assignment -name POST_FIT_CONNECT_TO_SLD_NODE_ENTITY_PORT crc[17] -to auto_signaltap_0|gnd -section_id auto_signaltap_0
set_instance_assignment -name POST_FIT_CONNECT_TO_SLD_NODE_ENTITY_PORT crc[18] -to auto_signaltap_0|vcc -section_id auto_signaltap_0
set_instance_assignment -name POST_FIT_CONNECT_TO_SLD_NODE_ENTITY_PORT crc[20] -to auto_signaltap_0|vcc -section_id auto_signaltap_0
set_instance_assignment -name POST_FIT_CONNECT_TO_SLD_NODE_ENTITY_PORT crc[21] -to auto_signaltap_0|gnd -section_id auto_signaltap_0
set_instance_assignment -name POST_FIT_CONNECT_TO_SLD_NODE_ENTITY_PORT crc[23] -to auto_signaltap_0|gnd -section_id auto_signaltap_0
set_instance_assignment -name POST_FIT_CONNECT_TO_SLD_NODE_ENTITY_PORT crc[25] -to auto_signaltap_0|vcc -section_id auto_signaltap_0
set_instance_assignment -name POST_FIT_CONNECT_TO_SLD_NODE_ENTITY_PORT crc[28] -to auto_signaltap_0|gnd -section_id auto_signaltap_0
set_instance_assignment -name POST_FIT_CONNECT_TO_SLD_NODE_ENTITY_PORT crc[29] -to auto_signaltap_0|gnd -section_id auto_signaltap_0
set_instance_assignment -name POST_FIT_CONNECT_TO_SLD_NODE_ENTITY_PORT crc[31] -to auto_signaltap_0|vcc -section_id auto_signaltap_0
set_global_assignment -name SLD_FILE db/stp3_auto_stripped.stp
set_instance_assignment -name PARTITION_HIERARCHY root_partition -to | -section_id Top